// !$*UTF8*$!
{
	archiveVersion = 1;
	classes = {
	};
	objectVersion = 50;
	objects = {

/* Begin PBXBuildFile section */
		DE05BA2421AFEE2A00451D1B /* AppDelegate.swift in Sources */ = {isa = PBXBuildFile; fileRef = DE05BA2321AFEE2A00451D1B /* AppDelegate.swift */; };
		DE05BA2621AFEE2A00451D1B /* MasterViewController.swift in Sources */ = {isa = PBXBuildFile; fileRef = DE05BA2521AFEE2A00451D1B /* MasterViewController.swift */; };
		DE05BA2821AFEE2A00451D1B /* DetailViewController.swift in Sources */ = {isa = PBXBuildFile; fileRef = DE05BA2721AFEE2A00451D1B /* DetailViewController.swift */; };
		DE05BA2B21AFEE2A00451D1B /* Main.storyboard in Resources */ = {isa = PBXBuildFile; fileRef = DE05BA2921AFEE2A00451D1B /* Main.storyboard */; };
		DE05BA2D21AFEE2B00451D1B /* Assets.xcassets in Resources */ = {isa = PBXBuildFile; fileRef = DE05BA2C21AFEE2B00451D1B /* Assets.xcassets */; };
		DE05BA3021AFEE2B00451D1B /* LaunchScreen.storyboard in Resources */ = {isa = PBXBuildFile; fileRef = DE05BA2E21AFEE2B00451D1B /* LaunchScreen.storyboard */; };
/* End PBXBuildFile section */

/* Begin PBXFileReference section */
		DE05BA2021AFEE2A00451D1B /* MovieTest.app */ = {isa = PBXFileReference; explicitFileType = wrapper.application; includeInIndex = 0; path = MovieTest.app; sourceTree = BUILT_PRODUCTS_DIR; };
		DE05BA2321AFEE2A00451D1B /* AppDelegate.swift */ = {isa = PBXFileReference; lastKnownFileType = sourcecode.swift; path = AppDelegate.swift; sourceTree = "<group>"; };
		DE05BA2521AFEE2A00451D1B /* MasterViewController.swift */ = {isa = PBXFileReference; lastKnownFileType = sourcecode.swift; path = MasterViewController.swift; sourceTree = "<group>"; };
		DE05BA2721AFEE2A00451D1B /* DetailViewController.swift */ = {isa = PBXFileReference; lastKnownFileType = sourcecode.swift; path = DetailViewController.swift; sourceTree = "<group>"; };
		DE05BA2A21AFEE2A00451D1B /* Base */ = {isa = PBXFileReference; lastKnownFileType = file.storyboard; name = Base; path = Base.lproj/Main.storyboard; sourceTree = "<group>"; };
		DE05BA2C21AFEE2B00451D1B /* Assets.xcassets */ = {isa = PBXFileReference; lastKnownFileType = folder.assetcatalog; path = Assets.xcassets; sourceTree = "<group>"; };
		DE05BA2F21AFEE2B00451D1B /* Base */ = {isa = PBXFileReference; lastKnownFileType = file.storyboard; name = Base; path = Base.lproj/LaunchScreen.storyboard; sourceTree = "<group>"; };
		DE05BA3121AFEE2B00451D1B /* Info.plist */ = {isa = PBXFileReference; lastKnownFileType = text.plist.xml; path = Info.plist; sourceTree = "<group>"; };
/* End PBXFileReference section */

/* Begin PBXFrameworksBuildPhase section */
		DE05BA1D21AFEE2A00451D1B /* Frameworks */ = {
			isa = PBXFrameworksBuildPhase;
			buildActionMask = 2147483647;
			files = (
			);
			runOnlyForDeploymentPostprocessing = 0;
		};
/* End PBXFrameworksBuildPhase section */

/* Begin PBXGroup section */
		DE05BA1721AFEE2A00451D1B = {
			isa = PBXGroup;
			children = (
				DE05BA2221AFEE2A00451D1B /* MovieTest */,
				DE05BA2121AFEE2A00451D1B /* Products */,
			);
			sourceTree = "<group>";
		};
		DE05BA2121AFEE2A00451D1B /* Products */ = {
			isa = PBXGroup;
			children = (
				DE05BA2021AFEE2A00451D1B /* MovieTest.app */,
			);
			name = Products;
			sourceTree = "<group>";
		};
		DE05BA2221AFEE2A00451D1B /* MovieTest */ = {
			isa = PBXGroup;
			children = (
				DE05BA2321AFEE2A00451D1B /* AppDelegate.swift */,
				DE05BA2521AFEE2A00451D1B /* MasterViewController.swift */,
				DE05BA2721AFEE2A00451D1B /* DetailViewController.swift */,
				DE05BA2921AFEE2A00451D1B /* Main.storyboard */,
				DE05BA2C21AFEE2B00451D1B /* Assets.xcassets */,
				DE05BA2E21AFEE2B00451D1B /* LaunchScreen.storyboard */,
				DE05BA3121AFEE2B00451D1B /* Info.plist */,
			);
			path = MovieTest;
			sourceTree = "<group>";
		};
/* End PBXGroup section */

/* Begin PBXNativeTarget section */
		DE05BA1F21AFEE2A00451D1B /* MovieTest */ = {
			isa = PBXNativeTarget;
			buildConfigurationList = DE05BA3421AFEE2B00451D1B /* Build configuration list for PBXNativeTarget "MovieTest" */;
			buildPhases = (
				DE05BA1C21AFEE2A00451D1B /* Sources */,
				DE05BA1D21AFEE2A00451D1B /* Frameworks */,
				DE05BA1E21AFEE2A00451D1B /* Resources */,
			);
			buildRules = (
			);
			dependencies = (
			);
			name = MovieTest;
			productName = MovieTest;
			productReference = DE05BA2021AFEE2A00451D1B /* MovieTest.app */;
			productType = "com.apple.product-type.application";
		};
/* End PBXNativeTarget section */

/* Begin PBXProject section */
		DE05BA1821AFEE2A00451D1B /* Project object */ = {
			isa = PBXProject;
			attributes = {
				LastSwiftUpdateCheck = 1000;
				LastUpgradeCheck = 1000;
				ORGANIZATIONNAME = "Tinh Vu";
				TargetAttributes = {
					DE05BA1F21AFEE2A00451D1B = {
						CreatedOnToolsVersion = 10.0;
					};
				};
			};
			buildConfigurationList = DE05BA1B21AFEE2A00451D1B /* Build configuration list for PBXProject "MovieTest" */;
			compatibilityVersion = "Xcode 9.3";
			developmentRegion = en;
			hasScannedForEncodings = 0;
			knownRegions = (
				en,
				Base,
			);
			mainGroup = DE05BA1721AFEE2A00451D1B;
			productRefGroup = DE05BA2121AFEE2A00451D1B /* Products */;
			projectDirPath = "";
			projectRoot = "";
			targets = (
				DE05BA1F21AFEE2A00451D1B /* MovieTest */,
			);
		};
/* End PBXProject section */

/* Begin PBXResourcesBuildPhase section */
		DE05BA1E21AFEE2A00451D1B /* Resources */ = {
			isa = PBXResourcesBuildPhase;
			buildActionMask = 2147483647;
			files = (
				DE05BA3021AFEE2B00451D1B /* LaunchScreen.storyboard in Resources */,
				DE05BA2D21AFEE2B00451D1B /* Assets.xcassets in Resources */,
				DE05BA2B21AFEE2A00451D1B /* Main.storyboard in Resources */,
			);
			runOnlyForDeploymentPostprocessing = 0;
		};
/* End PBXResourcesBuildPhase section */

/* Begin PBXSourcesBuildPhase section */
		DE05BA1C21AFEE2A00451D1B /* Sources */ = {
			isa = PBXSourcesBuildPhase;
			buildActionMask = 2147483647;
			files = (
				DE05BA2821AFEE2A00451D1B /* DetailViewController.swift in Sources */,
				DE05BA2621AFEE2A00451D1B /* MasterViewController.swift in Sources */,
				DE05BA2421AFEE2A00451D1B /* AppDelegate.swift in Sources */,
			);
			runOnlyForDeploymentPostprocessing = 0;
		};
/* End PBXSourcesBuildPhase section */

/* Begin PBXVariantGroup section */
		DE05BA2921AFEE2A00451D1B /* Main.storyboard */ = {
			isa = PBXVariantGroup;
			children = (
				DE05BA2A21AFEE2A00451D1B /* Base */,
			);
			name = Main.storyboard;
			sourceTree = "<group>";
		};
		DE05BA2E21AFEE2B00451D1B /* LaunchScreen.storyboard */ = {
			isa = PBXVariantGroup;
			children = (
				DE05BA2F21AFEE2B00451D1B /* Base */,
			);
			name = LaunchScreen.storyboard;
			sourceTree = "<group>";
		};
/* End PBXVariantGroup section */

/* Begin XCBuildConfiguration section */
		DE05BA3221AFEE2B00451D1B /* Debug */ = {
			isa = XCBuildConfiguration;
			buildSettings = {
				ALWAYS_SEARCH_USER_PATHS = NO;
				CLANG_ANALYZER_NONNULL = YES;
				CLANG_ANALYZER_NUMBER_OBJECT_CONVERSION = YES_AGGRESSIVE;
				CLANG_CXX_LANGUAGE_STANDARD = "gnu++14";
				CLANG_CXX_LIBRARY = "libc++";
				CLANG_ENABLE_MODULES = YES;
				CLANG_ENABLE_OBJC_ARC = YES;
				CLANG_ENABLE_OBJC_WEAK = YES;
				CLANG_WARN_BLOCK_CAPTURE_AUTORELEASING = YES;
				CLANG_WARN_BOOL_CONVERSION = YES;
				CLANG_WARN_COMMA = YES;
				CLANG_WARN_CONSTANT_CONVERSION = YES;
				CLANG_WARN_DEPRECATED_OBJC_IMPLEMENTATIONS = YES;
				CLANG_WARN_DIRECT_OBJC_ISA_USAGE = YES_ERROR;
				CLANG_WARN_DOCUMENTATION_COMMENTS = YES;
				CLANG_WARN_EMPTY_BODY = YES;
				CLANG_WARN_ENUM_CONVERSION = YES;
				CLANG_WARN_INFINITE_RECURSION = YES;
				CLANG_WARN_INT_CONVERSION = YES;
				CLANG_WARN_NON_LITERAL_NULL_CONVERSION = YES;
				CLANG_WARN_OBJC_IMPLICIT_RETAIN_SELF = YES;
				CLANG_WARN_OBJC_LITERAL_CONVERSION = YES;
				CLANG_WARN_OBJC_ROOT_CLASS = YES_ERROR;
				CLANG_WARN_RANGE_LOOP_ANALYSIS = YES;
				CLANG_WARN_STRICT_PROTOTYPES = YES;
				CLANG_WARN_SUSPICIOUS_MOVE = YES;
				CLANG_WARN_UNGUARDED_AVAILABILITY = YES_AGGRESSIVE;
				CLANG_WARN_UNREACHABLE_CODE = YES;
				CLANG_WARN__DUPLICATE_METHOD_MATCH = YES;
				CODE_SIGN_IDENTITY = "iPhone Developer";
				COPY_PHASE_STRIP = NO;
				DEBUG_INFORMATION_FORMAT = dwarf;
				ENABLE_STRICT_OBJC_MSGSEND = YES;
				ENABLE_TESTABILITY = YES;
				GCC_C_LANGUAGE_STANDARD = gnu11;
				GCC_DYNAMIC_NO_PIC = NO;
				GCC_NO_COMMON_BLOCKS = YES;
				GCC_OPTIMIZATION_LEVEL = 0;
				GCC_PREPROCESSOR_DEFINITIONS = (
					"DEBUG=1",
					"$(inherited)",
				);
				GCC_WARN_64_TO_32_BIT_CONVERSION = YES;
				GCC_WARN_ABOUT_RETURN_TYPE = YES_ERROR;
				GCC_WARN_UNDECLARED_SELECTOR = YES;
				GCC_WARN_UNINITIALIZED_AUTOS = YES_AGGRESSIVE;
				GCC_WARN_UNUSED_FUNCTION = YES;
				GCC_WARN_UNUSED_VARIABLE = YES;
				IPHONEOS_DEPLOYMENT_TARGET = 12.0;
				MTL_ENABLE_DEBUG_INFO = INCLUDE_SOURCE;
				MTL_FAST_MATH = YES;
				ONLY_ACTIVE_ARCH = YES;
				SDKROOT = iphoneos;
				SWIFT_ACTIVE_COMPILATION_CONDITIONS = DEBUG;
				SWIFT_OPTIMIZATION_LEVEL = "-Onone";
			};
			name = Debug;
		};
		DE05BA3321AFEE2B00451D1B /* Release */ = {
			isa = XCBuildConfiguration;
			buildSettings = {
				ALWAYS_SEARCH_USER_PATHS = NO;
				CLANG_ANALYZER_NONNULL = YES;
				CLANG_ANALYZER_NUMBER_OBJECT_CONVERSION = YES_AGGRESSIVE;
				CLANG_CXX_LANGUAGE_STANDARD = "gnu++14";
				CLANG_CXX_LIBRARY = "libc++";
				CLANG_ENABLE_MODULES = YES;
				CLANG_ENABLE_OBJC_ARC = YES;
				CLANG_ENABLE_OBJC_WEAK = YES;
				CLANG_WARN_BLOCK_CAPTURE_AUTORELEASING = YES;
				CLANG_WARN_BOOL_CONVERSION = YES;
				CLANG_WARN_COMMA = YES;
				CLANG_WARN_CONSTANT_CONVERSION = YES;
				CLANG_WARN_DEPRECATED_OBJC_IMPLEMENTATIONS = YES;
				CLANG_WARN_DIRECT_OBJC_ISA_USAGE = YES_ERROR;
				CLANG_WARN_DOCUMENTATION_COMMENTS = YES;
				CLANG_WARN_EMPTY_BODY = YES;
				CLANG_WARN_ENUM_CONVERSION = YES;
				CLANG_WARN_INFINITE_RECURSION = YES;
				CLANG_WARN_INT_CONVERSION = YES;
				CLANG_WARN_NON_LITERAL_NULL_CONVERSION = YES;
				CLANG_WARN_OBJC_IMPLICIT_RETAIN_SELF = YES;
				CLANG_WARN_OBJC_LITERAL_CONVERSION = YES;
				CLANG_WARN_OBJC_ROOT_CLASS = YES_ERROR;
				CLANG_WARN_RANGE_LOOP_ANALYSIS = YES;
				CLANG_WARN_STRICT_PROTOTYPES = YES;
				CLANG_WARN_SUSPICIOUS_MOVE = YES;
				CLANG_WARN_UNGUARDED_AVAILABILITY = YES_AGGRESSIVE;
				CLANG_WARN_UNREACHABLE_CODE = YES;
				CLANG_WARN__DUPLICATE_METHOD_MATCH = YES;
				CODE_SIGN_IDENTITY = "iPhone Developer";
				COPY_PHASE_STRIP = NO;
				DEBUG_INFORMATION_FORMAT = "dwarf-with-dsym";
				ENABLE_NS_ASSERTIONS = NO;
				ENABLE_STRICT_OBJC_MSGSEND = YES;
				GCC_C_LANGUAGE_STANDARD = gnu11;
				GCC_NO_COMMON_BLOCKS = YES;
				GCC_WARN_64_TO_32_BIT_CONVERSION = YES;
				GCC_WARN_ABOUT_RETURN_TYPE = YES_ERROR;
				GCC_WARN_UNDECLARED_SELECTOR = YES;
				GCC_WARN_UNINITIALIZED_AUTOS = YES_AGGRESSIVE;
				GCC_WARN_UNUSED_FUNCTION = YES;
				GCC_WARN_UNUSED_VARIABLE = YES;
				IPHONEOS_DEPLOYMENT_TARGET = 12.0;
				MTL_ENABLE_DEBUG_INFO = NO;
				MTL_FAST_MATH = YES;
				SDKROOT = iphoneos;
				SWIFT_COMPILATION_MODE = wholemodule;
				SWIFT_OPTIMIZATION_LEVEL = "-O";
				VALIDATE_PRODUCT = YES;
			};
			name = Release;
		};
		DE05BA3521AFEE2B00451D1B /* Debug */ = {
			isa = XCBuildConfiguration;
			buildSettings = {
				ASSETCATALOG_COMPILER_APPICON_NAME = AppIcon;
				CODE_SIGN_STYLE = Automatic;
				DEVELOPMENT_TEAM = 5RVY7GH43X;
				INFOPLIST_FILE = MovieTest/Info.plist;
				LD_RUNPATH_SEARCH_PATHS = (
					"$(inherited)",
					"@executable_path/Frameworks",
				);
				PRODUCT_BUNDLE_IDENTIFIER = com.tinhvv.MovieTest;
				PRODUCT_NAME = "$(TARGET_NAME)";
				SWIFT_VERSION = 4.2;
				TARGETED_DEVICE_FAMILY = "1,2";
			};
			name = Debug;
		};
		DE05BA3621AFEE2B00451D1B /* Release */ = {
			isa = XCBuildConfiguration;
			buildSettings = {
				ASSETCATALOG_COMPILER_APPICON_NAME = AppIcon;
				CODE_SIGN_STYLE = Automatic;
				DEVELOPMENT_TEAM = 5RVY7GH43X;
				INFOPLIST_FILE = MovieTest/Info.plist;
				LD_RUNPATH_SEARCH_PATHS = (
					"$(inherited)",
					"@executable_path/Frameworks",
				);
				PRODUCT_BUNDLE_IDENTIFIER = com.tinhvv.MovieTest;
				PRODUCT_NAME = "$(TARGET_NAME)";
				SWIFT_VERSION = 4.2;
				TARGETED_DEVICE_FAMILY = "1,2";
			};
			name = Release;
		};
/* End XCBuildConfiguration section */

/* Begin XCConfigurationList section */
		DE05BA1B21AFEE2A00451D1B /* Build configuration list for PBXProject "MovieTest" */ = {
			isa = XCConfigurationList;
			buildConfigurations = (
				DE05BA3221AFEE2B00451D1B /* Debug */,
				DE05BA3321AFEE2B00451D1B /* Release */,
			);
			defaultConfigurationIsVisible = 0;
			defaultConfigurationName = Release;
		};
		DE05BA3421AFEE2B00451D1B /* Build configuration list for PBXNativeTarget "MovieTest" */ = {
			isa = XCConfigurationList;
			buildConfigurations = (
				DE05BA3521AFEE2B00451D1B /* Debug */,
				DE05BA3621AFEE2B00451D1B /* Release */,
			);
			defaultConfigurationIsVisible = 0;
			defaultConfigurationName = Release;
		};
/* End XCConfigurationList section */
	};
	rootObject = DE05BA1821AFEE2A00451D1B /* Project object */;
}
